
Microsoft Visual Studio Solution File, Format Version 12.00
# Visual Studio 15
VisualStudioVersion = 15.0.27703.2026
MinimumVisualStudioVersion = 10.0.40219.1
Project("{FAE04EC0-301F-11D3-BF4B-00C04F79EFBC}") = "Example.FormsApp.Android", "Example.FormsApp\Example.FormsApp.Android\Example.FormsApp.Android.csproj", "{B28A79AA-8ACD-4D05-A4A0-DEEFF7CBAA0A}"
EndProject
Project("{FAE04EC0-301F-11D3-BF4B-00C04F79EFBC}") = "Example.FormsApp.iOS", "Example.FormsApp\Example.FormsApp.iOS\Example.FormsApp.iOS.csproj", "{7C162564-29DF-4439-8F76-6F48949265CC}"
EndProject
Project("{FAE04EC0-301F-11D3-BF4B-00C04F79EFBC}") = "Example.FormsApp.UWP", "Example.FormsApp\Example.FormsApp.UWP\Example.FormsApp.UWP.csproj", "{62432FD4-1CE2-4CFD-978C-CF26BD49D77E}"
EndProject
Project("{9A19103F-16F7-4668-BE54-9A1E7A4F7556}") = "Example.FormsApp", "Example.FormsApp\Example.FormsApp\Example.FormsApp.csproj", "{A762D05A-0C93-44C5-A655-6A8E23652167}"
EndProject
Project("{9A19103F-16F7-4668-BE54-9A1E7A4F7556}") = "Smart.Forms", "..\Smart.Forms\Smart.Forms.csproj", "{277C0379-3D30-47A8-9311-33C8B41D0E9D}"
EndProject
Project("{9A19103F-16F7-4668-BE54-9A1E7A4F7556}") = "Smart.Forms.Reactive", "..\Smart.Forms.Reactive\Smart.Forms.Reactive.csproj", "{BF00CF02-F3ED-4B61-9924-C1F435908E7A}"
EndProject
Project("{9A19103F-16F7-4668-BE54-9A1E7A4F7556}") = "Smart.Forms.Resolver", "..\Smart.Forms.Resolver\Smart.Forms.Resolver.csproj", "{239A02DE-3CC9-448E-8FC0-51B45698824D}"
EndProject
Project("{2150E333-8FDC-42A3-9474-1A3956D46DE8}") = "Smart", "Smart", "{26704FAF-81A4-42F3-85FF-7DAC9E67F84C}"
EndProject
Project("{2150E333-8FDC-42A3-9474-1A3956D46DE8}") = "Example", "Example", "{E420614F-1E50-4EEC-A10D-3C5DFBA3B4C5}"
EndProject
Global
	GlobalSection(SolutionConfigurationPlatforms) = preSolution
		Ad-Hoc|Any CPU = Ad-Hoc|Any CPU
		Ad-Hoc|ARM = Ad-Hoc|ARM
		Ad-Hoc|iPhone = Ad-Hoc|iPhone
		Ad-Hoc|iPhoneSimulator = Ad-Hoc|iPhoneSimulator
		Ad-Hoc|x64 = Ad-Hoc|x64
		Ad-Hoc|x86 = Ad-Hoc|x86
		AppStore|Any CPU = AppStore|Any CPU
		AppStore|ARM = AppStore|ARM
		AppStore|iPhone = AppStore|iPhone
		AppStore|iPhoneSimulator = AppStore|iPhoneSimulator
		AppStore|x64 = AppStore|x64
		AppStore|x86 = AppStore|x86
		Debug|Any CPU = Debug|Any CPU
		Debug|ARM = Debug|ARM
		Debug|iPhone = Debug|iPhone
		Debug|iPhoneSimulator = Debug|iPhoneSimulator
		Debug|x64 = Debug|x64
		Debug|x86 = Debug|x86
		Release|Any CPU = Release|Any CPU
		Release|ARM = Release|ARM
		Release|iPhone = Release|iPhone
		Release|iPhoneSimulator = Release|iPhoneSimulator
		Release|x64 = Release|x64
		Release|x86 = Release|x86
	EndGlobalSection
	GlobalSection(ProjectConfigurationPlatforms) = postSolution
		{B28A79AA-8ACD-4D05-A4A0-DEEFF7CBAA0A}.Ad-Hoc|Any CPU.ActiveCfg = Release|Any CPU
		{B28A79AA-8ACD-4D05-A4A0-DEEFF7CBAA0A}.Ad-Hoc|Any CPU.Build.0 = Release|Any CPU
		{B28A79AA-8ACD-4D05-A4A0-DEEFF7CBAA0A}.Ad-Hoc|Any CPU.Deploy.0 = Release|Any CPU
		{B28A79AA-8ACD-4D05-A4A0-DEEFF7CBAA0A}.Ad-Hoc|ARM.ActiveCfg = Release|Any CPU
		{B28A79AA-8ACD-4D05-A4A0-DEEFF7CBAA0A}.Ad-Hoc|ARM.Build.0 = Release|Any CPU
		{B28A79AA-8ACD-4D05-A4A0-DEEFF7CBAA0A}.Ad-Hoc|ARM.Deploy.0 = Release|Any CPU
		{B28A79AA-8ACD-4D05-A4A0-DEEFF7CBAA0A}.Ad-Hoc|iPhone.ActiveCfg = Release|Any CPU
		{B28A79AA-8ACD-4D05-A4A0-DEEFF7CBAA0A}.Ad-Hoc|iPhone.Build.0 = Release|Any CPU
		{B28A79AA-8ACD-4D05-A4A0-DEEFF7CBAA0A}.Ad-Hoc|iPhone.Deploy.0 = Release|Any CPU
		{B28A79AA-8ACD-4D05-A4A0-DEEFF7CBAA0A}.Ad-Hoc|iPhoneSimulator.ActiveCfg = Release|Any CPU
		{B28A79AA-8ACD-4D05-A4A0-DEEFF7CBAA0A}.Ad-Hoc|iPhoneSimulator.Build.0 = Release|Any CPU
		{B28A79AA-8ACD-4D05-A4A0-DEEFF7CBAA0A}.Ad-Hoc|iPhoneSimulator.Deploy.0 = Release|Any CPU
		{B28A79AA-8ACD-4D05-A4A0-DEEFF7CBAA0A}.Ad-Hoc|x64.ActiveCfg = Release|Any CPU
		{B28A79AA-8ACD-4D05-A4A0-DEEFF7CBAA0A}.Ad-Hoc|x64.Build.0 = Release|Any CPU
		{B28A79AA-8ACD-4D05-A4A0-DEEFF7CBAA0A}.Ad-Hoc|x64.Deploy.0 = Release|Any CPU
		{B28A79AA-8ACD-4D05-A4A0-DEEFF7CBAA0A}.Ad-Hoc|x86.ActiveCfg = Release|Any CPU
		{B28A79AA-8ACD-4D05-A4A0-DEEFF7CBAA0A}.Ad-Hoc|x86.Build.0 = Release|Any CPU
		{B28A79AA-8ACD-4D05-A4A0-DEEFF7CBAA0A}.Ad-Hoc|x86.Deploy.0 = Release|Any CPU
		{B28A79AA-8ACD-4D05-A4A0-DEEFF7CBAA0A}.AppStore|Any CPU.ActiveCfg = Release|Any CPU
		{B28A79AA-8ACD-4D05-A4A0-DEEFF7CBAA0A}.AppStore|Any CPU.Build.0 = Release|Any CPU
		{B28A79AA-8ACD-4D05-A4A0-DEEFF7CBAA0A}.AppStore|Any CPU.Deploy.0 = Release|Any CPU
		{B28A79AA-8ACD-4D05-A4A0-DEEFF7CBAA0A}.AppStore|ARM.ActiveCfg = Release|Any CPU
		{B28A79AA-8ACD-4D05-A4A0-DEEFF7CBAA0A}.AppStore|ARM.Build.0 = Release|Any CPU
		{B28A79AA-8ACD-4D05-A4A0-DEEFF7CBAA0A}.AppStore|ARM.Deploy.0 = Release|Any CPU
		{B28A79AA-8ACD-4D05-A4A0-DEEFF7CBAA0A}.AppStore|iPhone.ActiveCfg = Release|Any CPU
		{B28A79AA-8ACD-4D05-A4A0-DEEFF7CBAA0A}.AppStore|iPhone.Build.0 = Release|Any CPU
		{B28A79AA-8ACD-4D05-A4A0-DEEFF7CBAA0A}.AppStore|iPhone.Deploy.0 = Release|Any CPU
		{B28A79AA-8ACD-4D05-A4A0-DEEFF7CBAA0A}.AppStore|iPhoneSimulator.ActiveCfg = Release|Any CPU
		{B28A79AA-8ACD-4D05-A4A0-DEEFF7CBAA0A}.AppStore|iPhoneSimulator.Build.0 = Release|Any CPU
		{B28A79AA-8ACD-4D05-A4A0-DEEFF7CBAA0A}.AppStore|iPhoneSimulator.Deploy.0 = Release|Any CPU
		{B28A79AA-8ACD-4D05-A4A0-DEEFF7CBAA0A}.AppStore|x64.ActiveCfg = Release|Any CPU
		{B28A79AA-8ACD-4D05-A4A0-DEEFF7CBAA0A}.AppStore|x64.Build.0 = Release|Any CPU
		{B28A79AA-8ACD-4D05-A4A0-DEEFF7CBAA0A}.AppStore|x64.Deploy.0 = Release|Any CPU
		{B28A79AA-8ACD-4D05-A4A0-DEEFF7CBAA0A}.AppStore|x86.ActiveCfg = Release|Any CPU
		{B28A79AA-8ACD-4D05-A4A0-DEEFF7CBAA0A}.AppStore|x86.Build.0 = Release|Any CPU
		{B28A79AA-8ACD-4D05-A4A0-DEEFF7CBAA0A}.AppStore|x86.Deploy.0 = Release|Any CPU
		{B28A79AA-8ACD-4D05-A4A0-DEEFF7CBAA0A}.Debug|Any CPU.ActiveCfg = Debug|Any CPU
		{B28A79AA-8ACD-4D05-A4A0-DEEFF7CBAA0A}.Debug|Any CPU.Build.0 = Debug|Any CPU
		{B28A79AA-8ACD-4D05-A4A0-DEEFF7CBAA0A}.Debug|Any CPU.Deploy.0 = Debug|Any CPU
		{B28A79AA-8ACD-4D05-A4A0-DEEFF7CBAA0A}.Debug|ARM.ActiveCfg = Debug|Any CPU
		{B28A79AA-8ACD-4D05-A4A0-DEEFF7CBAA0A}.Debug|ARM.Build.0 = Debug|Any CPU
		{B28A79AA-8ACD-4D05-A4A0-DEEFF7CBAA0A}.Debug|ARM.Deploy.0 = Debug|Any CPU
		{B28A79AA-8ACD-4D05-A4A0-DEEFF7CBAA0A}.Debug|iPhone.ActiveCfg = Debug|Any CPU
		{B28A79AA-8ACD-4D05-A4A0-DEEFF7CBAA0A}.Debug|iPhone.Build.0 = Debug|Any CPU
		{B28A79AA-8ACD-4D05-A4A0-DEEFF7CBAA0A}.Debug|iPhone.Deploy.0 = Debug|Any CPU
		{B28A79AA-8ACD-4D05-A4A0-DEEFF7CBAA0A}.Debug|iPhoneSimulator.ActiveCfg = Debug|Any CPU
		{B28A79AA-8ACD-4D05-A4A0-DEEFF7CBAA0A}.Debug|iPhoneSimulator.Build.0 = Debug|Any CPU
		{B28A79AA-8ACD-4D05-A4A0-DEEFF7CBAA0A}.Debug|iPhoneSimulator.Deploy.0 = Debug|Any CPU
		{B28A79AA-8ACD-4D05-A4A0-DEEFF7CBAA0A}.Debug|x64.ActiveCfg = Debug|Any CPU
		{B28A79AA-8ACD-4D05-A4A0-DEEFF7CBAA0A}.Debug|x64.Build.0 = Debug|Any CPU
		{B28A79AA-8ACD-4D05-A4A0-DEEFF7CBAA0A}.Debug|x64.Deploy.0 = Debug|Any CPU
		{B28A79AA-8ACD-4D05-A4A0-DEEFF7CBAA0A}.Debug|x86.ActiveCfg = Debug|Any CPU
		{B28A79AA-8ACD-4D05-A4A0-DEEFF7CBAA0A}.Debug|x86.Build.0 = Debug|Any CPU
		{B28A79AA-8ACD-4D05-A4A0-DEEFF7CBAA0A}.Debug|x86.Deploy.0 = Debug|Any CPU
		{B28A79AA-8ACD-4D05-A4A0-DEEFF7CBAA0A}.Release|Any CPU.ActiveCfg = Release|Any CPU
		{B28A79AA-8ACD-4D05-A4A0-DEEFF7CBAA0A}.Release|Any CPU.Build.0 = Release|Any CPU
		{B28A79AA-8ACD-4D05-A4A0-DEEFF7CBAA0A}.Release|Any CPU.Deploy.0 = Release|Any CPU
		{B28A79AA-8ACD-4D05-A4A0-DEEFF7CBAA0A}.Release|ARM.ActiveCfg = Release|Any CPU
		{B28A79AA-8ACD-4D05-A4A0-DEEFF7CBAA0A}.Release|ARM.Build.0 = Release|Any CPU
		{B28A79AA-8ACD-4D05-A4A0-DEEFF7CBAA0A}.Release|ARM.Deploy.0 = Release|Any CPU
		{B28A79AA-8ACD-4D05-A4A0-DEEFF7CBAA0A}.Release|iPhone.ActiveCfg = Release|Any CPU
		{B28A79AA-8ACD-4D05-A4A0-DEEFF7CBAA0A}.Release|iPhone.Build.0 = Release|Any CPU
		{B28A79AA-8ACD-4D05-A4A0-DEEFF7CBAA0A}.Release|iPhone.Deploy.0 = Release|Any CPU
		{B28A79AA-8ACD-4D05-A4A0-DEEFF7CBAA0A}.Release|iPhoneSimulator.ActiveCfg = Release|Any CPU
		{B28A79AA-8ACD-4D05-A4A0-DEEFF7CBAA0A}.Release|iPhoneSimulator.Build.0 = Release|Any CPU
		{B28A79AA-8ACD-4D05-A4A0-DEEFF7CBAA0A}.Release|iPhoneSimulator.Deploy.0 = Release|Any CPU
		{B28A79AA-8ACD-4D05-A4A0-DEEFF7CBAA0A}.Release|x64.ActiveCfg = Release|Any CPU
		{B28A79AA-8ACD-4D05-A4A0-DEEFF7CBAA0A}.Release|x64.Build.0 = Release|Any CPU
		{B28A79AA-8ACD-4D05-A4A0-DEEFF7CBAA0A}.Release|x64.Deploy.0 = Release|Any CPU
		{B28A79AA-8ACD-4D05-A4A0-DEEFF7CBAA0A}.Release|x86.ActiveCfg = Release|Any CPU
		{B28A79AA-8ACD-4D05-A4A0-DEEFF7CBAA0A}.Release|x86.Build.0 = Release|Any CPU
		{B28A79AA-8ACD-4D05-A4A0-DEEFF7CBAA0A}.Release|x86.Deploy.0 = Release|Any CPU
		{7C162564-29DF-4439-8F76-6F48949265CC}.Ad-Hoc|Any CPU.ActiveCfg = Ad-Hoc|iPhone
		{7C162564-29DF-4439-8F76-6F48949265CC}.Ad-Hoc|Any CPU.Build.0 = Ad-Hoc|iPhone
		{7C162564-29DF-4439-8F76-6F48949265CC}.Ad-Hoc|Any CPU.Deploy.0 = Ad-Hoc|iPhone
		{7C162564-29DF-4439-8F76-6F48949265CC}.Ad-Hoc|ARM.ActiveCfg = Ad-Hoc|iPhone
		{7C162564-29DF-4439-8F76-6F48949265CC}.Ad-Hoc|ARM.Build.0 = Ad-Hoc|iPhone
		{7C162564-29DF-4439-8F76-6F48949265CC}.Ad-Hoc|ARM.Deploy.0 = Ad-Hoc|iPhone
		{7C162564-29DF-4439-8F76-6F48949265CC}.Ad-Hoc|iPhone.ActiveCfg = Ad-Hoc|iPhone
		{7C162564-29DF-4439-8F76-6F48949265CC}.Ad-Hoc|iPhone.Build.0 = Ad-Hoc|iPhone
		{7C162564-29DF-4439-8F76-6F48949265CC}.Ad-Hoc|iPhone.Deploy.0 = Ad-Hoc|iPhone
		{7C162564-29DF-4439-8F76-6F48949265CC}.Ad-Hoc|iPhoneSimulator.ActiveCfg = Ad-Hoc|iPhoneSimulator
		{7C162564-29DF-4439-8F76-6F48949265CC}.Ad-Hoc|iPhoneSimulator.Build.0 = Ad-Hoc|iPhoneSimulator
		{7C162564-29DF-4439-8F76-6F48949265CC}.Ad-Hoc|iPhoneSimulator.Deploy.0 = Ad-Hoc|iPhoneSimulator
		{7C162564-29DF-4439-8F76-6F48949265CC}.Ad-Hoc|x64.ActiveCfg = Ad-Hoc|iPhone
		{7C162564-29DF-4439-8F76-6F48949265CC}.Ad-Hoc|x64.Build.0 = Ad-Hoc|iPhone
		{7C162564-29DF-4439-8F76-6F48949265CC}.Ad-Hoc|x64.Deploy.0 = Ad-Hoc|iPhone
		{7C162564-29DF-4439-8F76-6F48949265CC}.Ad-Hoc|x86.ActiveCfg = Ad-Hoc|iPhone
		{7C162564-29DF-4439-8F76-6F48949265CC}.Ad-Hoc|x86.Build.0 = Ad-Hoc|iPhone
		{7C162564-29DF-4439-8F76-6F48949265CC}.Ad-Hoc|x86.Deploy.0 = Ad-Hoc|iPhone
		{7C162564-29DF-4439-8F76-6F48949265CC}.AppStore|Any CPU.ActiveCfg = AppStore|iPhone
		{7C162564-29DF-4439-8F76-6F48949265CC}.AppStore|Any CPU.Build.0 = AppStore|iPhone
		{7C162564-29DF-4439-8F76-6F48949265CC}.AppStore|Any CPU.Deploy.0 = AppStore|iPhone
		{7C162564-29DF-4439-8F76-6F48949265CC}.AppStore|ARM.ActiveCfg = AppStore|iPhone
		{7C162564-29DF-4439-8F76-6F48949265CC}.AppStore|ARM.Build.0 = AppStore|iPhone
		{7C162564-29DF-4439-8F76-6F48949265CC}.AppStore|ARM.Deploy.0 = AppStore|iPhone
		{7C162564-29DF-4439-8F76-6F48949265CC}.AppStore|iPhone.ActiveCfg = AppStore|iPhone
		{7C162564-29DF-4439-8F76-6F48949265CC}.AppStore|iPhone.Build.0 = AppStore|iPhone
		{7C162564-29DF-4439-8F76-6F48949265CC}.AppStore|iPhone.Deploy.0 = AppStore|iPhone
		{7C162564-29DF-4439-8F76-6F48949265CC}.AppStore|iPhoneSimulator.ActiveCfg = AppStore|iPhoneSimulator
		{7C162564-29DF-4439-8F76-6F48949265CC}.AppStore|iPhoneSimulator.Build.0 = AppStore|iPhoneSimulator
		{7C162564-29DF-4439-8F76-6F48949265CC}.AppStore|iPhoneSimulator.Deploy.0 = AppStore|iPhoneSimulator
		{7C162564-29DF-4439-8F76-6F48949265CC}.AppStore|x64.ActiveCfg = AppStore|iPhone
		{7C162564-29DF-4439-8F76-6F48949265CC}.AppStore|x64.Build.0 = AppStore|iPhone
		{7C162564-29DF-4439-8F76-6F48949265CC}.AppStore|x64.Deploy.0 = AppStore|iPhone
		{7C162564-29DF-4439-8F76-6F48949265CC}.AppStore|x86.ActiveCfg = AppStore|iPhone
		{7C162564-29DF-4439-8F76-6F48949265CC}.AppStore|x86.Build.0 = AppStore|iPhone
		{7C162564-29DF-4439-8F76-6F48949265CC}.AppStore|x86.Deploy.0 = AppStore|iPhone
		{7C162564-29DF-4439-8F76-6F48949265CC}.Debug|Any CPU.ActiveCfg = Debug|iPhoneSimulator
		{7C162564-29DF-4439-8F76-6F48949265CC}.Debug|Any CPU.Build.0 = Debug|iPhoneSimulator
		{7C162564-29DF-4439-8F76-6F48949265CC}.Debug|Any CPU.Deploy.0 = Debug|iPhoneSimulator
		{7C162564-29DF-4439-8F76-6F48949265CC}.Debug|ARM.ActiveCfg = Debug|iPhone
		{7C162564-29DF-4439-8F76-6F48949265CC}.Debug|ARM.Build.0 = Debug|iPhone
		{7C162564-29DF-4439-8F76-6F48949265CC}.Debug|ARM.Deploy.0 = Debug|iPhone
		{7C162564-29DF-4439-8F76-6F48949265CC}.Debug|iPhone.ActiveCfg = Debug|iPhone
		{7C162564-29DF-4439-8F76-6F48949265CC}.Debug|iPhone.Build.0 = Debug|iPhone
		{7C162564-29DF-4439-8F76-6F48949265CC}.Debug|iPhone.Deploy.0 = Debug|iPhone
		{7C162564-29DF-4439-8F76-6F48949265CC}.Debug|iPhoneSimulator.ActiveCfg = Debug|iPhoneSimulator
		{7C162564-29DF-4439-8F76-6F48949265CC}.Debug|iPhoneSimulator.Build.0 = Debug|iPhoneSimulator
		{7C162564-29DF-4439-8F76-6F48949265CC}.Debug|iPhoneSimulator.Deploy.0 = Debug|iPhoneSimulator
		{7C162564-29DF-4439-8F76-6F48949265CC}.Debug|x64.ActiveCfg = Debug|iPhone
		{7C162564-29DF-4439-8F76-6F48949265CC}.Debug|x64.Build.0 = Debug|iPhone
		{7C162564-29DF-4439-8F76-6F48949265CC}.Debug|x64.Deploy.0 = Debug|iPhone
		{7C162564-29DF-4439-8F76-6F48949265CC}.Debug|x86.ActiveCfg = Debug|iPhone
		{7C162564-29DF-4439-8F76-6F48949265CC}.Debug|x86.Build.0 = Debug|iPhone
		{7C162564-29DF-4439-8F76-6F48949265CC}.Debug|x86.Deploy.0 = Debug|iPhone
		{7C162564-29DF-4439-8F76-6F48949265CC}.Release|Any CPU.ActiveCfg = Release|iPhone
		{7C162564-29DF-4439-8F76-6F48949265CC}.Release|Any CPU.Build.0 = Release|iPhone
		{7C162564-29DF-4439-8F76-6F48949265CC}.Release|Any CPU.Deploy.0 = Release|iPhone
		{7C162564-29DF-4439-8F76-6F48949265CC}.Release|ARM.ActiveCfg = Release|iPhone
		{7C162564-29DF-4439-8F76-6F48949265CC}.Release|ARM.Build.0 = Release|iPhone
		{7C162564-29DF-4439-8F76-6F48949265CC}.Release|ARM.Deploy.0 = Release|iPhone
		{7C162564-29DF-4439-8F76-6F48949265CC}.Release|iPhone.ActiveCfg = Release|iPhone
		{7C162564-29DF-4439-8F76-6F48949265CC}.Release|iPhone.Build.0 = Release|iPhone
		{7C162564-29DF-4439-8F76-6F48949265CC}.Release|iPhone.Deploy.0 = Release|iPhone
		{7C162564-29DF-4439-8F76-6F48949265CC}.Release|iPhoneSimulator.ActiveCfg = Release|iPhoneSimulator
		{7C162564-29DF-4439-8F76-6F48949265CC}.Release|iPhoneSimulator.Build.0 = Release|iPhoneSimulator
		{7C162564-29DF-4439-8F76-6F48949265CC}.Release|iPhoneSimulator.Deploy.0 = Release|iPhoneSimulator
		{7C162564-29DF-4439-8F76-6F48949265CC}.Release|x64.ActiveCfg = Release|iPhone
		{7C162564-29DF-4439-8F76-6F48949265CC}.Release|x64.Build.0 = Release|iPhone
		{7C162564-29DF-4439-8F76-6F48949265CC}.Release|x64.Deploy.0 = Release|iPhone
		{7C162564-29DF-4439-8F76-6F48949265CC}.Release|x86.ActiveCfg = Release|iPhone
		{7C162564-29DF-4439-8F76-6F48949265CC}.Release|x86.Build.0 = Release|iPhone
		{7C162564-29DF-4439-8F76-6F48949265CC}.Release|x86.Deploy.0 = Release|iPhone
		{62432FD4-1CE2-4CFD-978C-CF26BD49D77E}.Ad-Hoc|Any CPU.ActiveCfg = Release|x86
		{62432FD4-1CE2-4CFD-978C-CF26BD49D77E}.Ad-Hoc|Any CPU.Build.0 = Release|x86
		{62432FD4-1CE2-4CFD-978C-CF26BD49D77E}.Ad-Hoc|Any CPU.Deploy.0 = Release|x86
		{62432FD4-1CE2-4CFD-978C-CF26BD49D77E}.Ad-Hoc|ARM.ActiveCfg = Release|ARM
		{62432FD4-1CE2-4CFD-978C-CF26BD49D77E}.Ad-Hoc|ARM.Build.0 = Release|ARM
		{62432FD4-1CE2-4CFD-978C-CF26BD49D77E}.Ad-Hoc|ARM.Deploy.0 = Release|ARM
		{62432FD4-1CE2-4CFD-978C-CF26BD49D77E}.Ad-Hoc|iPhone.ActiveCfg = Release|x86
		{62432FD4-1CE2-4CFD-978C-CF26BD49D77E}.Ad-Hoc|iPhone.Build.0 = Release|x86
		{62432FD4-1CE2-4CFD-978C-CF26BD49D77E}.Ad-Hoc|iPhone.Deploy.0 = Release|x86
		{62432FD4-1CE2-4CFD-978C-CF26BD49D77E}.Ad-Hoc|iPhoneSimulator.ActiveCfg = Release|x86
		{62432FD4-1CE2-4CFD-978C-CF26BD49D77E}.Ad-Hoc|iPhoneSimulator.Build.0 = Release|x86
		{62432FD4-1CE2-4CFD-978C-CF26BD49D77E}.Ad-Hoc|iPhoneSimulator.Deploy.0 = Release|x86
		{62432FD4-1CE2-4CFD-978C-CF26BD49D77E}.Ad-Hoc|x64.ActiveCfg = Release|x64
		{62432FD4-1CE2-4CFD-978C-CF26BD49D77E}.Ad-Hoc|x64.Build.0 = Release|x64
		{62432FD4-1CE2-4CFD-978C-CF26BD49D77E}.Ad-Hoc|x64.Deploy.0 = Release|x64
		{62432FD4-1CE2-4CFD-978C-CF26BD49D77E}.Ad-Hoc|x86.ActiveCfg = Release|x86
		{62432FD4-1CE2-4CFD-978C-CF26BD49D77E}.Ad-Hoc|x86.Build.0 = Release|x86
		{62432FD4-1CE2-4CFD-978C-CF26BD49D77E}.Ad-Hoc|x86.Deploy.0 = Release|x86
		{62432FD4-1CE2-4CFD-978C-CF26BD49D77E}.AppStore|Any CPU.ActiveCfg = Release|x86
		{62432FD4-1CE2-4CFD-978C-CF26BD49D77E}.AppStore|Any CPU.Build.0 = Release|x86
		{62432FD4-1CE2-4CFD-978C-CF26BD49D77E}.AppStore|Any CPU.Deploy.0 = Release|x86
		{62432FD4-1CE2-4CFD-978C-CF26BD49D77E}.AppStore|ARM.ActiveCfg = Release|ARM
		{62432FD4-1CE2-4CFD-978C-CF26BD49D77E}.AppStore|ARM.Build.0 = Release|ARM
		{62432FD4-1CE2-4CFD-978C-CF26BD49D77E}.AppStore|ARM.Deploy.0 = Release|ARM
		{62432FD4-1CE2-4CFD-978C-CF26BD49D77E}.AppStore|iPhone.ActiveCfg = Release|x86
		{62432FD4-1CE2-4CFD-978C-CF26BD49D77E}.AppStore|iPhone.Build.0 = Release|x86
		{62432FD4-1CE2-4CFD-978C-CF26BD49D77E}.AppStore|iPhone.Deploy.0 = Release|x86
		{62432FD4-1CE2-4CFD-978C-CF26BD49D77E}.AppStore|iPhoneSimulator.ActiveCfg = Release|x86
		{62432FD4-1CE2-4CFD-978C-CF26BD49D77E}.AppStore|iPhoneSimulator.Build.0 = Release|x86
		{62432FD4-1CE2-4CFD-978C-CF26BD49D77E}.AppStore|iPhoneSimulator.Deploy.0 = Release|x86
		{62432FD4-1CE2-4CFD-978C-CF26BD49D77E}.AppStore|x64.ActiveCfg = Release|x64
		{62432FD4-1CE2-4CFD-978C-CF26BD49D77E}.AppStore|x64.Build.0 = Release|x64
		{62432FD4-1CE2-4CFD-978C-CF26BD49D77E}.AppStore|x64.Deploy.0 = Release|x64
		{62432FD4-1CE2-4CFD-978C-CF26BD49D77E}.AppStore|x86.ActiveCfg = Release|x86
		{62432FD4-1CE2-4CFD-978C-CF26BD49D77E}.AppStore|x86.Build.0 = Release|x86
		{62432FD4-1CE2-4CFD-978C-CF26BD49D77E}.AppStore|x86.Deploy.0 = Release|x86
		{62432FD4-1CE2-4CFD-978C-CF26BD49D77E}.Debug|Any CPU.ActiveCfg = Debug|x86
		{62432FD4-1CE2-4CFD-978C-CF26BD49D77E}.Debug|Any CPU.Build.0 = Debug|x86
		{62432FD4-1CE2-4CFD-978C-CF26BD49D77E}.Debug|Any CPU.Deploy.0 = Debug|x86
		{62432FD4-1CE2-4CFD-978C-CF26BD49D77E}.Debug|ARM.ActiveCfg = Debug|ARM
		{62432FD4-1CE2-4CFD-978C-CF26BD49D77E}.Debug|ARM.Build.0 = Debug|ARM
		{62432FD4-1CE2-4CFD-978C-CF26BD49D77E}.Debug|ARM.Deploy.0 = Debug|ARM
		{62432FD4-1CE2-4CFD-978C-CF26BD49D77E}.Debug|iPhone.ActiveCfg = Debug|x86
		{62432FD4-1CE2-4CFD-978C-CF26BD49D77E}.Debug|iPhone.Build.0 = Debug|x86
		{62432FD4-1CE2-4CFD-978C-CF26BD49D77E}.Debug|iPhone.Deploy.0 = Debug|x86
		{62432FD4-1CE2-4CFD-978C-CF26BD49D77E}.Debug|iPhoneSimulator.ActiveCfg = Debug|x86
		{62432FD4-1CE2-4CFD-978C-CF26BD49D77E}.Debug|iPhoneSimulator.Build.0 = Debug|x86
		{62432FD4-1CE2-4CFD-978C-CF26BD49D77E}.Debug|iPhoneSimulator.Deploy.0 = Debug|x86
		{62432FD4-1CE2-4CFD-978C-CF26BD49D77E}.Debug|x64.ActiveCfg = Debug|x64
		{62432FD4-1CE2-4CFD-978C-CF26BD49D77E}.Debug|x64.Build.0 = Debug|x64
		{62432FD4-1CE2-4CFD-978C-CF26BD49D77E}.Debug|x64.Deploy.0 = Debug|x64
		{62432FD4-1CE2-4CFD-978C-CF26BD49D77E}.Debug|x86.ActiveCfg = Debug|x86
		{62432FD4-1CE2-4CFD-978C-CF26BD49D77E}.Debug|x86.Build.0 = Debug|x86
		{62432FD4-1CE2-4CFD-978C-CF26BD49D77E}.Debug|x86.Deploy.0 = Debug|x86
		{62432FD4-1CE2-4CFD-978C-CF26BD49D77E}.Release|Any CPU.ActiveCfg = Release|x86
		{62432FD4-1CE2-4CFD-978C-CF26BD49D77E}.Release|Any CPU.Build.0 = Release|x86
		{62432FD4-1CE2-4CFD-978C-CF26BD49D77E}.Release|Any CPU.Deploy.0 = Release|x86
		{62432FD4-1CE2-4CFD-978C-CF26BD49D77E}.Release|ARM.ActiveCfg = Release|ARM
		{62432FD4-1CE2-4CFD-978C-CF26BD49D77E}.Release|ARM.Build.0 = Release|ARM
		{62432FD4-1CE2-4CFD-978C-CF26BD49D77E}.Release|ARM.Deploy.0 = Release|ARM
		{62432FD4-1CE2-4CFD-978C-CF26BD49D77E}.Release|iPhone.ActiveCfg = Release|x86
		{62432FD4-1CE2-4CFD-978C-CF26BD49D77E}.Release|iPhone.Build.0 = Release|x86
		{62432FD4-1CE2-4CFD-978C-CF26BD49D77E}.Release|iPhone.Deploy.0 = Release|x86
		{62432FD4-1CE2-4CFD-978C-CF26BD49D77E}.Release|iPhoneSimulator.ActiveCfg = Release|x86
		{62432FD4-1CE2-4CFD-978C-CF26BD49D77E}.Release|iPhoneSimulator.Build.0 = Release|x86
		{62432FD4-1CE2-4CFD-978C-CF26BD49D77E}.Release|iPhoneSimulator.Deploy.0 = Release|x86
		{62432FD4-1CE2-4CFD-978C-CF26BD49D77E}.Release|x64.ActiveCfg = Release|x64
		{62432FD4-1CE2-4CFD-978C-CF26BD49D77E}.Release|x64.Build.0 = Release|x64
		{62432FD4-1CE2-4CFD-978C-CF26BD49D77E}.Release|x64.Deploy.0 = Release|x64
		{62432FD4-1CE2-4CFD-978C-CF26BD49D77E}.Release|x86.ActiveCfg = Release|x86
		{62432FD4-1CE2-4CFD-978C-CF26BD49D77E}.Release|x86.Build.0 = Release|x86
		{62432FD4-1CE2-4CFD-978C-CF26BD49D77E}.Release|x86.Deploy.0 = Release|x86
		{A762D05A-0C93-44C5-A655-6A8E23652167}.Ad-Hoc|Any CPU.ActiveCfg = Debug|Any CPU
		{A762D05A-0C93-44C5-A655-6A8E23652167}.Ad-Hoc|Any CPU.Build.0 = Debug|Any CPU
		{A762D05A-0C93-44C5-A655-6A8E23652167}.Ad-Hoc|Any CPU.Deploy.0 = Debug|Any CPU
		{A762D05A-0C93-44C5-A655-6A8E23652167}.Ad-Hoc|ARM.ActiveCfg = Debug|Any CPU
		{A762D05A-0C93-44C5-A655-6A8E23652167}.Ad-Hoc|ARM.Build.0 = Debug|Any CPU
		{A762D05A-0C93-44C5-A655-6A8E23652167}.Ad-Hoc|ARM.Deploy.0 = Debug|Any CPU
		{A762D05A-0C93-44C5-A655-6A8E23652167}.Ad-Hoc|iPhone.ActiveCfg = Debug|Any CPU
		{A762D05A-0C93-44C5-A655-6A8E23652167}.Ad-Hoc|iPhone.Build.0 = Debug|Any CPU
		{A762D05A-0C93-44C5-A655-6A8E23652167}.Ad-Hoc|iPhone.Deploy.0 = Debug|Any CPU
		{A762D05A-0C93-44C5-A655-6A8E23652167}.Ad-Hoc|iPhoneSimulator.ActiveCfg = Debug|Any CPU
		{A762D05A-0C93-44C5-A655-6A8E23652167}.Ad-Hoc|iPhoneSimulator.Build.0 = Debug|Any CPU
		{A762D05A-0C93-44C5-A655-6A8E23652167}.Ad-Hoc|iPhoneSimulator.Deploy.0 = Debug|Any CPU
		{A762D05A-0C93-44C5-A655-6A8E23652167}.Ad-Hoc|x64.ActiveCfg = Debug|Any CPU
		{A762D05A-0C93-44C5-A655-6A8E23652167}.Ad-Hoc|x64.Build.0 = Debug|Any CPU
		{A762D05A-0C93-44C5-A655-6A8E23652167}.Ad-Hoc|x64.Deploy.0 = Debug|Any CPU
		{A762D05A-0C93-44C5-A655-6A8E23652167}.Ad-Hoc|x86.ActiveCfg = Debug|Any CPU
		{A762D05A-0C93-44C5-A655-6A8E23652167}.Ad-Hoc|x86.Build.0 = Debug|Any CPU
		{A762D05A-0C93-44C5-A655-6A8E23652167}.Ad-Hoc|x86.Deploy.0 = Debug|Any CPU
		{A762D05A-0C93-44C5-A655-6A8E23652167}.AppStore|Any CPU.ActiveCfg = Debug|Any CPU
		{A762D05A-0C93-44C5-A655-6A8E23652167}.AppStore|Any CPU.Build.0 = Debug|Any CPU
		{A762D05A-0C93-44C5-A655-6A8E23652167}.AppStore|Any CPU.Deploy.0 = Debug|Any CPU
		{A762D05A-0C93-44C5-A655-6A8E23652167}.AppStore|ARM.ActiveCfg = Debug|Any CPU
		{A762D05A-0C93-44C5-A655-6A8E23652167}.AppStore|ARM.Build.0 = Debug|Any CPU
		{A762D05A-0C93-44C5-A655-6A8E23652167}.AppStore|ARM.Deploy.0 = Debug|Any CPU
		{A762D05A-0C93-44C5-A655-6A8E23652167}.AppStore|iPhone.ActiveCfg = Debug|Any CPU
		{A762D05A-0C93-44C5-A655-6A8E23652167}.AppStore|iPhone.Build.0 = Debug|Any CPU
		{A762D05A-0C93-44C5-A655-6A8E23652167}.AppStore|iPhone.Deploy.0 = Debug|Any CPU
		{A762D05A-0C93-44C5-A655-6A8E23652167}.AppStore|iPhoneSimulator.ActiveCfg = Debug|Any CPU
		{A762D05A-0C93-44C5-A655-6A8E23652167}.AppStore|iPhoneSimulator.Build.0 = Debug|Any CPU
		{A762D05A-0C93-44C5-A655-6A8E23652167}.AppStore|iPhoneSimulator.Deploy.0 = Debug|Any CPU
		{A762D05A-0C93-44C5-A655-6A8E23652167}.AppStore|x64.ActiveCfg = Debug|Any CPU
		{A762D05A-0C93-44C5-A655-6A8E23652167}.AppStore|x64.Build.0 = Debug|Any CPU
		{A762D05A-0C93-44C5-A655-6A8E23652167}.AppStore|x64.Deploy.0 = Debug|Any CPU
		{A762D05A-0C93-44C5-A655-6A8E23652167}.AppStore|x86.ActiveCfg = Debug|Any CPU
		{A762D05A-0C93-44C5-A655-6A8E23652167}.AppStore|x86.Build.0 = Debug|Any CPU
		{A762D05A-0C93-44C5-A655-6A8E23652167}.AppStore|x86.Deploy.0 = Debug|Any CPU
		{A762D05A-0C93-44C5-A655-6A8E23652167}.Debug|Any CPU.ActiveCfg = Debug|Any CPU
		{A762D05A-0C93-44C5-A655-6A8E23652167}.Debug|Any CPU.Build.0 = Debug|Any CPU
		{A762D05A-0C93-44C5-A655-6A8E23652167}.Debug|Any CPU.Deploy.0 = Debug|Any CPU
		{A762D05A-0C93-44C5-A655-6A8E23652167}.Debug|ARM.ActiveCfg = Debug|Any CPU
		{A762D05A-0C93-44C5-A655-6A8E23652167}.Debug|ARM.Build.0 = Debug|Any CPU
		{A762D05A-0C93-44C5-A655-6A8E23652167}.Debug|ARM.Deploy.0 = Debug|Any CPU
		{A762D05A-0C93-44C5-A655-6A8E23652167}.Debug|iPhone.ActiveCfg = Debug|Any CPU
		{A762D05A-0C93-44C5-A655-6A8E23652167}.Debug|iPhone.Build.0 = Debug|Any CPU
		{A762D05A-0C93-44C5-A655-6A8E23652167}.Debug|iPhone.Deploy.0 = Debug|Any CPU
		{A762D05A-0C93-44C5-A655-6A8E23652167}.Debug|iPhoneSimulator.ActiveCfg = Debug|Any CPU
		{A762D05A-0C93-44C5-A655-6A8E23652167}.Debug|iPhoneSimulator.Build.0 = Debug|Any CPU
		{A762D05A-0C93-44C5-A655-6A8E23652167}.Debug|iPhoneSimulator.Deploy.0 = Debug|Any CPU
		{A762D05A-0C93-44C5-A655-6A8E23652167}.Debug|x64.ActiveCfg = Debug|Any CPU
		{A762D05A-0C93-44C5-A655-6A8E23652167}.Debug|x64.Build.0 = Debug|Any CPU
		{A762D05A-0C93-44C5-A655-6A8E23652167}.Debug|x64.Deploy.0 = Debug|Any CPU
		{A762D05A-0C93-44C5-A655-6A8E23652167}.Debug|x86.ActiveCfg = Debug|Any CPU
		{A762D05A-0C93-44C5-A655-6A8E23652167}.Debug|x86.Build.0 = Debug|Any CPU
		{A762D05A-0C93-44C5-A655-6A8E23652167}.Debug|x86.Deploy.0 = Debug|Any CPU
		{A762D05A-0C93-44C5-A655-6A8E23652167}.Release|Any CPU.ActiveCfg = Release|Any CPU
		{A762D05A-0C93-44C5-A655-6A8E23652167}.Release|Any CPU.Build.0 = Release|Any CPU
		{A762D05A-0C93-44C5-A655-6A8E23652167}.Release|Any CPU.Deploy.0 = Release|Any CPU
		{A762D05A-0C93-44C5-A655-6A8E23652167}.Release|ARM.ActiveCfg = Release|Any CPU
		{A762D05A-0C93-44C5-A655-6A8E23652167}.Release|ARM.Build.0 = Release|Any CPU
		{A762D05A-0C93-44C5-A655-6A8E23652167}.Release|ARM.Deploy.0 = Release|Any CPU
		{A762D05A-0C93-44C5-A655-6A8E23652167}.Release|iPhone.ActiveCfg = Release|Any CPU
		{A762D05A-0C93-44C5-A655-6A8E23652167}.Release|iPhone.Build.0 = Release|Any CPU
		{A762D05A-0C93-44C5-A655-6A8E23652167}.Release|iPhone.Deploy.0 = Release|Any CPU
		{A762D05A-0C93-44C5-A655-6A8E23652167}.Release|iPhoneSimulator.ActiveCfg = Release|Any CPU
		{A762D05A-0C93-44C5-A655-6A8E23652167}.Release|iPhoneSimulator.Build.0 = Release|Any CPU
		{A762D05A-0C93-44C5-A655-6A8E23652167}.Release|iPhoneSimulator.Deploy.0 = Release|Any CPU
		{A762D05A-0C93-44C5-A655-6A8E23652167}.Release|x64.ActiveCfg = Release|Any CPU
		{A762D05A-0C93-44C5-A655-6A8E23652167}.Release|x64.Build.0 = Release|Any CPU
		{A762D05A-0C93-44C5-A655-6A8E23652167}.Release|x64.Deploy.0 = Release|Any CPU
		{A762D05A-0C93-44C5-A655-6A8E23652167}.Release|x86.ActiveCfg = Release|Any CPU
		{A762D05A-0C93-44C5-A655-6A8E23652167}.Release|x86.Build.0 = Release|Any CPU
		{A762D05A-0C93-44C5-A655-6A8E23652167}.Release|x86.Deploy.0 = Release|Any CPU
		{277C0379-3D30-47A8-9311-33C8B41D0E9D}.Ad-Hoc|Any CPU.ActiveCfg = Debug|Any CPU
		{277C0379-3D30-47A8-9311-33C8B41D0E9D}.Ad-Hoc|Any CPU.Build.0 = Debug|Any CPU
		{277C0379-3D30-47A8-9311-33C8B41D0E9D}.Ad-Hoc|ARM.ActiveCfg = Debug|Any CPU
		{277C0379-3D30-47A8-9311-33C8B41D0E9D}.Ad-Hoc|ARM.Build.0 = Debug|Any CPU
		{277C0379-3D30-47A8-9311-33C8B41D0E9D}.Ad-Hoc|iPhone.ActiveCfg = Debug|Any CPU
		{277C0379-3D30-47A8-9311-33C8B41D0E9D}.Ad-Hoc|iPhone.Build.0 = Debug|Any CPU
		{277C0379-3D30-47A8-9311-33C8B41D0E9D}.Ad-Hoc|iPhoneSimulator.ActiveCfg = Debug|Any CPU
		{277C0379-3D30-47A8-9311-33C8B41D0E9D}.Ad-Hoc|iPhoneSimulator.Build.0 = Debug|Any CPU
		{277C0379-3D30-47A8-9311-33C8B41D0E9D}.Ad-Hoc|x64.ActiveCfg = Debug|Any CPU
		{277C0379-3D30-47A8-9311-33C8B41D0E9D}.Ad-Hoc|x64.Build.0 = Debug|Any CPU
		{277C0379-3D30-47A8-9311-33C8B41D0E9D}.Ad-Hoc|x86.ActiveCfg = Debug|Any CPU
		{277C0379-3D30-47A8-9311-33C8B41D0E9D}.Ad-Hoc|x86.Build.0 = Debug|Any CPU
		{277C0379-3D30-47A8-9311-33C8B41D0E9D}.AppStore|Any CPU.ActiveCfg = Debug|Any CPU
		{277C0379-3D30-47A8-9311-33C8B41D0E9D}.AppStore|Any CPU.Build.0 = Debug|Any CPU
		{277C0379-3D30-47A8-9311-33C8B41D0E9D}.AppStore|ARM.ActiveCfg = Debug|Any CPU
		{277C0379-3D30-47A8-9311-33C8B41D0E9D}.AppStore|ARM.Build.0 = Debug|Any CPU
		{277C0379-3D30-47A8-9311-33C8B41D0E9D}.AppStore|iPhone.ActiveCfg = Debug|Any CPU
		{277C0379-3D30-47A8-9311-33C8B41D0E9D}.AppStore|iPhone.Build.0 = Debug|Any CPU
		{277C0379-3D30-47A8-9311-33C8B41D0E9D}.AppStore|iPhoneSimulator.ActiveCfg = Debug|Any CPU
		{277C0379-3D30-47A8-9311-33C8B41D0E9D}.AppStore|iPhoneSimulator.Build.0 = Debug|Any CPU
		{277C0379-3D30-47A8-9311-33C8B41D0E9D}.AppStore|x64.ActiveCfg = Debug|Any CPU
		{277C0379-3D30-47A8-9311-33C8B41D0E9D}.AppStore|x64.Build.0 = Debug|Any CPU
		{277C0379-3D30-47A8-9311-33C8B41D0E9D}.AppStore|x86.ActiveCfg = Debug|Any CPU
		{277C0379-3D30-47A8-9311-33C8B41D0E9D}.AppStore|x86.Build.0 = Debug|Any CPU
		{277C0379-3D30-47A8-9311-33C8B41D0E9D}.Debug|Any CPU.ActiveCfg = Debug|Any CPU
		{277C0379-3D30-47A8-9311-33C8B41D0E9D}.Debug|Any CPU.Build.0 = Debug|Any CPU
		{277C0379-3D30-47A8-9311-33C8B41D0E9D}.Debug|ARM.ActiveCfg = Debug|Any CPU
		{277C0379-3D30-47A8-9311-33C8B41D0E9D}.Debug|ARM.Build.0 = Debug|Any CPU
		{277C0379-3D30-47A8-9311-33C8B41D0E9D}.Debug|iPhone.ActiveCfg = Debug|Any CPU
		{277C0379-3D30-47A8-9311-33C8B41D0E9D}.Debug|iPhone.Build.0 = Debug|Any CPU
		{277C0379-3D30-47A8-9311-33C8B41D0E9D}.Debug|iPhoneSimulator.ActiveCfg = Debug|Any CPU
		{277C0379-3D30-47A8-9311-33C8B41D0E9D}.Debug|iPhoneSimulator.Build.0 = Debug|Any CPU
		{277C0379-3D30-47A8-9311-33C8B41D0E9D}.Debug|x64.ActiveCfg = Debug|Any CPU
		{277C0379-3D30-47A8-9311-33C8B41D0E9D}.Debug|x64.Build.0 = Debug|Any CPU
		{277C0379-3D30-47A8-9311-33C8B41D0E9D}.Debug|x86.ActiveCfg = Debug|Any CPU
		{277C0379-3D30-47A8-9311-33C8B41D0E9D}.Debug|x86.Build.0 = Debug|Any CPU
		{277C0379-3D30-47A8-9311-33C8B41D0E9D}.Release|Any CPU.ActiveCfg = Release|Any CPU
		{277C0379-3D30-47A8-9311-33C8B41D0E9D}.Release|Any CPU.Build.0 = Release|Any CPU
		{277C0379-3D30-47A8-9311-33C8B41D0E9D}.Release|ARM.ActiveCfg = Release|Any CPU
		{277C0379-3D30-47A8-9311-33C8B41D0E9D}.Release|ARM.Build.0 = Release|Any CPU
		{277C0379-3D30-47A8-9311-33C8B41D0E9D}.Release|iPhone.ActiveCfg = Release|Any CPU
		{277C0379-3D30-47A8-9311-33C8B41D0E9D}.Release|iPhone.Build.0 = Release|Any CPU
		{277C0379-3D30-47A8-9311-33C8B41D0E9D}.Release|iPhoneSimulator.ActiveCfg = Release|Any CPU
		{277C0379-3D30-47A8-9311-33C8B41D0E9D}.Release|iPhoneSimulator.Build.0 = Release|Any CPU
		{277C0379-3D30-47A8-9311-33C8B41D0E9D}.Release|x64.ActiveCfg = Release|Any CPU
		{277C0379-3D30-47A8-9311-33C8B41D0E9D}.Release|x64.Build.0 = Release|Any CPU
		{277C0379-3D30-47A8-9311-33C8B41D0E9D}.Release|x86.ActiveCfg = Release|Any CPU
		{277C0379-3D30-47A8-9311-33C8B41D0E9D}.Release|x86.Build.0 = Release|Any CPU
		{BF00CF02-F3ED-4B61-9924-C1F435908E7A}.Ad-Hoc|Any CPU.ActiveCfg = Debug|Any CPU
		{BF00CF02-F3ED-4B61-9924-C1F435908E7A}.Ad-Hoc|Any CPU.Build.0 = Debug|Any CPU
		{BF00CF02-F3ED-4B61-9924-C1F435908E7A}.Ad-Hoc|ARM.ActiveCfg = Debug|Any CPU
		{BF00CF02-F3ED-4B61-9924-C1F435908E7A}.Ad-Hoc|ARM.Build.0 = Debug|Any CPU
		{BF00CF02-F3ED-4B61-9924-C1F435908E7A}.Ad-Hoc|iPhone.ActiveCfg = Debug|Any CPU
		{BF00CF02-F3ED-4B61-9924-C1F435908E7A}.Ad-Hoc|iPhone.Build.0 = Debug|Any CPU
		{BF00CF02-F3ED-4B61-9924-C1F435908E7A}.Ad-Hoc|iPhoneSimulator.ActiveCfg = Debug|Any CPU
		{BF00CF02-F3ED-4B61-9924-C1F435908E7A}.Ad-Hoc|iPhoneSimulator.Build.0 = Debug|Any CPU
		{BF00CF02-F3ED-4B61-9924-C1F435908E7A}.Ad-Hoc|x64.ActiveCfg = Debug|Any CPU
		{BF00CF02-F3ED-4B61-9924-C1F435908E7A}.Ad-Hoc|x64.Build.0 = Debug|Any CPU
		{BF00CF02-F3ED-4B61-9924-C1F435908E7A}.Ad-Hoc|x86.ActiveCfg = Debug|Any CPU
		{BF00CF02-F3ED-4B61-9924-C1F435908E7A}.Ad-Hoc|x86.Build.0 = Debug|Any CPU
		{BF00CF02-F3ED-4B61-9924-C1F435908E7A}.AppStore|Any CPU.ActiveCfg = Debug|Any CPU
		{BF00CF02-F3ED-4B61-9924-C1F435908E7A}.AppStore|Any CPU.Build.0 = Debug|Any CPU
		{BF00CF02-F3ED-4B61-9924-C1F435908E7A}.AppStore|ARM.ActiveCfg = Debug|Any CPU
		{BF00CF02-F3ED-4B61-9924-C1F435908E7A}.AppStore|ARM.Build.0 = Debug|Any CPU
		{BF00CF02-F3ED-4B61-9924-C1F435908E7A}.AppStore|iPhone.ActiveCfg = Debug|Any CPU
		{BF00CF02-F3ED-4B61-9924-C1F435908E7A}.AppStore|iPhone.Build.0 = Debug|Any CPU
		{BF00CF02-F3ED-4B61-9924-C1F435908E7A}.AppStore|iPhoneSimulator.ActiveCfg = Debug|Any CPU
		{BF00CF02-F3ED-4B61-9924-C1F435908E7A}.AppStore|iPhoneSimulator.Build.0 = Debug|Any CPU
		{BF00CF02-F3ED-4B61-9924-C1F435908E7A}.AppStore|x64.ActiveCfg = Debug|Any CPU
		{BF00CF02-F3ED-4B61-9924-C1F435908E7A}.AppStore|x64.Build.0 = Debug|Any CPU
		{BF00CF02-F3ED-4B61-9924-C1F435908E7A}.AppStore|x86.ActiveCfg = Debug|Any CPU
		{BF00CF02-F3ED-4B61-9924-C1F435908E7A}.AppStore|x86.Build.0 = Debug|Any CPU
		{BF00CF02-F3ED-4B61-9924-C1F435908E7A}.Debug|Any CPU.ActiveCfg = Debug|Any CPU
		{BF00CF02-F3ED-4B61-9924-C1F435908E7A}.Debug|Any CPU.Build.0 = Debug|Any CPU
		{BF00CF02-F3ED-4B61-9924-C1F435908E7A}.Debug|ARM.ActiveCfg = Debug|Any CPU
		{BF00CF02-F3ED-4B61-9924-C1F435908E7A}.Debug|ARM.Build.0 = Debug|Any CPU
		{BF00CF02-F3ED-4B61-9924-C1F435908E7A}.Debug|iPhone.ActiveCfg = Debug|Any CPU
		{BF00CF02-F3ED-4B61-9924-C1F435908E7A}.Debug|iPhone.Build.0 = Debug|Any CPU
		{BF00CF02-F3ED-4B61-9924-C1F435908E7A}.Debug|iPhoneSimulator.ActiveCfg = Debug|Any CPU
		{BF00CF02-F3ED-4B61-9924-C1F435908E7A}.Debug|iPhoneSimulator.Build.0 = Debug|Any CPU
		{BF00CF02-F3ED-4B61-9924-C1F435908E7A}.Debug|x64.ActiveCfg = Debug|Any CPU
		{BF00CF02-F3ED-4B61-9924-C1F435908E7A}.Debug|x64.Build.0 = Debug|Any CPU
		{BF00CF02-F3ED-4B61-9924-C1F435908E7A}.Debug|x86.ActiveCfg = Debug|Any CPU
		{BF00CF02-F3ED-4B61-9924-C1F435908E7A}.Debug|x86.Build.0 = Debug|Any CPU
		{BF00CF02-F3ED-4B61-9924-C1F435908E7A}.Release|Any CPU.ActiveCfg = Release|Any CPU
		{BF00CF02-F3ED-4B61-9924-C1F435908E7A}.Release|Any CPU.Build.0 = Release|Any CPU
		{BF00CF02-F3ED-4B61-9924-C1F435908E7A}.Release|ARM.ActiveCfg = Release|Any CPU
		{BF00CF02-F3ED-4B61-9924-C1F435908E7A}.Release|ARM.Build.0 = Release|Any CPU
		{BF00CF02-F3ED-4B61-9924-C1F435908E7A}.Release|iPhone.ActiveCfg = Release|Any CPU
		{BF00CF02-F3ED-4B61-9924-C1F435908E7A}.Release|iPhone.Build.0 = Release|Any CPU
		{BF00CF02-F3ED-4B61-9924-C1F435908E7A}.Release|iPhoneSimulator.ActiveCfg = Release|Any CPU
		{BF00CF02-F3ED-4B61-9924-C1F435908E7A}.Release|iPhoneSimulator.Build.0 = Release|Any CPU
		{BF00CF02-F3ED-4B61-9924-C1F435908E7A}.Release|x64.ActiveCfg = Release|Any CPU
		{BF00CF02-F3ED-4B61-9924-C1F435908E7A}.Release|x64.Build.0 = Release|Any CPU
		{BF00CF02-F3ED-4B61-9924-C1F435908E7A}.Release|x86.ActiveCfg = Release|Any CPU
		{BF00CF02-F3ED-4B61-9924-C1F435908E7A}.Release|x86.Build.0 = Release|Any CPU
		{239A02DE-3CC9-448E-8FC0-51B45698824D}.Ad-Hoc|Any CPU.ActiveCfg = Debug|Any CPU
		{239A02DE-3CC9-448E-8FC0-51B45698824D}.Ad-Hoc|Any CPU.Build.0 = Debug|Any CPU
		{239A02DE-3CC9-448E-8FC0-51B45698824D}.Ad-Hoc|ARM.ActiveCfg = Debug|Any CPU
		{239A02DE-3CC9-448E-8FC0-51B45698824D}.Ad-Hoc|ARM.Build.0 = Debug|Any CPU
		{239A02DE-3CC9-448E-8FC0-51B45698824D}.Ad-Hoc|iPhone.ActiveCfg = Debug|Any CPU
		{239A02DE-3CC9-448E-8FC0-51B45698824D}.Ad-Hoc|iPhone.Build.0 = Debug|Any CPU
		{239A02DE-3CC9-448E-8FC0-51B45698824D}.Ad-Hoc|iPhoneSimulator.ActiveCfg = Debug|Any CPU
		{239A02DE-3CC9-448E-8FC0-51B45698824D}.Ad-Hoc|iPhoneSimulator.Build.0 = Debug|Any CPU
		{239A02DE-3CC9-448E-8FC0-51B45698824D}.Ad-Hoc|x64.ActiveCfg = Debug|Any CPU
		{239A02DE-3CC9-448E-8FC0-51B45698824D}.Ad-Hoc|x64.Build.0 = Debug|Any CPU
		{239A02DE-3CC9-448E-8FC0-51B45698824D}.Ad-Hoc|x86.ActiveCfg = Debug|Any CPU
		{239A02DE-3CC9-448E-8FC0-51B45698824D}.Ad-Hoc|x86.Build.0 = Debug|Any CPU
		{239A02DE-3CC9-448E-8FC0-51B45698824D}.AppStore|Any CPU.ActiveCfg = Debug|Any CPU
		{239A02DE-3CC9-448E-8FC0-51B45698824D}.AppStore|Any CPU.Build.0 = Debug|Any CPU
		{239A02DE-3CC9-448E-8FC0-51B45698824D}.AppStore|ARM.ActiveCfg = Debug|Any CPU
		{239A02DE-3CC9-448E-8FC0-51B45698824D}.AppStore|ARM.Build.0 = Debug|Any CPU
		{239A02DE-3CC9-448E-8FC0-51B45698824D}.AppStore|iPhone.ActiveCfg = Debug|Any CPU
		{239A02DE-3CC9-448E-8FC0-51B45698824D}.AppStore|iPhone.Build.0 = Debug|Any CPU
		{239A02DE-3CC9-448E-8FC0-51B45698824D}.AppStore|iPhoneSimulator.ActiveCfg = Debug|Any CPU
		{239A02DE-3CC9-448E-8FC0-51B45698824D}.AppStore|iPhoneSimulator.Build.0 = Debug|Any CPU
		{239A02DE-3CC9-448E-8FC0-51B45698824D}.AppStore|x64.ActiveCfg = Debug|Any CPU
		{239A02DE-3CC9-448E-8FC0-51B45698824D}.AppStore|x64.Build.0 = Debug|Any CPU
		{239A02DE-3CC9-448E-8FC0-51B45698824D}.AppStore|x86.ActiveCfg = Debug|Any CPU
		{239A02DE-3CC9-448E-8FC0-51B45698824D}.AppStore|x86.Build.0 = Debug|Any CPU
		{239A02DE-3CC9-448E-8FC0-51B45698824D}.Debug|Any CPU.ActiveCfg = Debug|Any CPU
		{239A02DE-3CC9-448E-8FC0-51B45698824D}.Debug|Any CPU.Build.0 = Debug|Any CPU
		{239A02DE-3CC9-448E-8FC0-51B45698824D}.Debug|ARM.ActiveCfg = Debug|Any CPU
		{239A02DE-3CC9-448E-8FC0-51B45698824D}.Debug|ARM.Build.0 = Debug|Any CPU
		{239A02DE-3CC9-448E-8FC0-51B45698824D}.Debug|iPhone.ActiveCfg = Debug|Any CPU
		{239A02DE-3CC9-448E-8FC0-51B45698824D}.Debug|iPhone.Build.0 = Debug|Any CPU
		{239A02DE-3CC9-448E-8FC0-51B45698824D}.Debug|iPhoneSimulator.ActiveCfg = Debug|Any CPU
		{239A02DE-3CC9-448E-8FC0-51B45698824D}.Debug|iPhoneSimulator.Build.0 = Debug|Any CPU
		{239A02DE-3CC9-448E-8FC0-51B45698824D}.Debug|x64.ActiveCfg = Debug|Any CPU
		{239A02DE-3CC9-448E-8FC0-51B45698824D}.Debug|x64.Build.0 = Debug|Any CPU
		{239A02DE-3CC9-448E-8FC0-51B45698824D}.Debug|x86.ActiveCfg = Debug|Any CPU
		{239A02DE-3CC9-448E-8FC0-51B45698824D}.Debug|x86.Build.0 = Debug|Any CPU
		{239A02DE-3CC9-448E-8FC0-51B45698824D}.Release|Any CPU.ActiveCfg = Release|Any CPU
		{239A02DE-3CC9-448E-8FC0-51B45698824D}.Release|Any CPU.Build.0 = Release|Any CPU
		{239A02DE-3CC9-448E-8FC0-51B45698824D}.Release|ARM.ActiveCfg = Release|Any CPU
		{239A02DE-3CC9-448E-8FC0-51B45698824D}.Release|ARM.Build.0 = Release|Any CPU
		{239A02DE-3CC9-448E-8FC0-51B45698824D}.Release|iPhone.ActiveCfg = Release|Any CPU
		{239A02DE-3CC9-448E-8FC0-51B45698824D}.Release|iPhone.Build.0 = Release|Any CPU
		{239A02DE-3CC9-448E-8FC0-51B45698824D}.Release|iPhoneSimulator.ActiveCfg = Release|Any CPU
		{239A02DE-3CC9-448E-8FC0-51B45698824D}.Release|iPhoneSimulator.Build.0 = Release|Any CPU
		{239A02DE-3CC9-448E-8FC0-51B45698824D}.Release|x64.ActiveCfg = Release|Any CPU
		{239A02DE-3CC9-448E-8FC0-51B45698824D}.Release|x64.Build.0 = Release|Any CPU
		{239A02DE-3CC9-448E-8FC0-51B45698824D}.Release|x86.ActiveCfg = Release|Any CPU
		{239A02DE-3CC9-448E-8FC0-51B45698824D}.Release|x86.Build.0 = Release|Any CPU
	EndGlobalSection
	GlobalSection(SolutionProperties) = preSolution
		HideSolutionNode = FALSE
	EndGlobalSection
	GlobalSection(NestedProjects) = preSolution
		{B28A79AA-8ACD-4D05-A4A0-DEEFF7CBAA0A} = {E420614F-1E50-4EEC-A10D-3C5DFBA3B4C5}
		{7C162564-29DF-4439-8F76-6F48949265CC} = {E420614F-1E50-4EEC-A10D-3C5DFBA3B4C5}
		{62432FD4-1CE2-4CFD-978C-CF26BD49D77E} = {E420614F-1E50-4EEC-A10D-3C5DFBA3B4C5}
		{A762D05A-0C93-44C5-A655-6A8E23652167} = {E420614F-1E50-4EEC-A10D-3C5DFBA3B4C5}
		{277C0379-3D30-47A8-9311-33C8B41D0E9D} = {26704FAF-81A4-42F3-85FF-7DAC9E67F84C}
		{BF00CF02-F3ED-4B61-9924-C1F435908E7A} = {26704FAF-81A4-42F3-85FF-7DAC9E67F84C}
		{239A02DE-3CC9-448E-8FC0-51B45698824D} = {26704FAF-81A4-42F3-85FF-7DAC9E67F84C}
	EndGlobalSection
	GlobalSection(ExtensibilityGlobals) = postSolution
		SolutionGuid = {B29599DF-A2AB-41D6-8F70-9EAC903F6F57}
	EndGlobalSection
EndGlobal
