
Microsoft Visual Studio Solution File, Format Version 12.00
# Visual Studio Version 16
VisualStudioVersion = 16.0.28729.10
MinimumVisualStudioVersion = 10.0.40219.1
Project("{9A19103F-16F7-4668-BE54-9A1E7A4F7556}") = "Smart.Forms", "Smart.Forms\Smart.Forms.csproj", "{DF3DA357-2EC5-4432-B3D9-76D87D57DD29}"
EndProject
Project("{9A19103F-16F7-4668-BE54-9A1E7A4F7556}") = "Smart.Forms.Reactive", "Smart.Forms.Reactive\Smart.Forms.Reactive.csproj", "{B95FC139-2C07-4BA3-8985-95E20325E4C6}"
EndProject
Project("{2150E333-8FDC-42A3-9474-1A3956D46DE8}") = "Solution Items", "Solution Items", "{80D778B2-8311-4E6A-9866-A4F9846BDCBB}"
	ProjectSection(SolutionItems) = preProject
		.editorconfig = .editorconfig
		.gitattributes = .gitattributes
		.gitignore = .gitignore
		Directory.Build.props = Directory.Build.props
		Directory.Build.targets = Directory.Build.targets
		README.md = README.md
		Smart.Forms.ruleset = Smart.Forms.ruleset
		Smart.Forms.sln.DotSettings = Smart.Forms.sln.DotSettings
	EndProjectSection
EndProject
Project("{9A19103F-16F7-4668-BE54-9A1E7A4F7556}") = "Smart.Forms.Resolver", "Smart.Forms.Resolver\Smart.Forms.Resolver.csproj", "{8175B0B4-5553-4121-8117-11295D7ADDBE}"
EndProject
Global
	GlobalSection(SolutionConfigurationPlatforms) = preSolution
		Debug|Any CPU = Debug|Any CPU
		Release|Any CPU = Release|Any CPU
	EndGlobalSection
	GlobalSection(ProjectConfigurationPlatforms) = postSolution
		{DF3DA357-2EC5-4432-B3D9-76D87D57DD29}.Debug|Any CPU.ActiveCfg = Debug|Any CPU
		{DF3DA357-2EC5-4432-B3D9-76D87D57DD29}.Debug|Any CPU.Build.0 = Debug|Any CPU
		{DF3DA357-2EC5-4432-B3D9-76D87D57DD29}.Release|Any CPU.ActiveCfg = Release|Any CPU
		{DF3DA357-2EC5-4432-B3D9-76D87D57DD29}.Release|Any CPU.Build.0 = Release|Any CPU
		{B95FC139-2C07-4BA3-8985-95E20325E4C6}.Debug|Any CPU.ActiveCfg = Debug|Any CPU
		{B95FC139-2C07-4BA3-8985-95E20325E4C6}.Debug|Any CPU.Build.0 = Debug|Any CPU
		{B95FC139-2C07-4BA3-8985-95E20325E4C6}.Release|Any CPU.ActiveCfg = Release|Any CPU
		{B95FC139-2C07-4BA3-8985-95E20325E4C6}.Release|Any CPU.Build.0 = Release|Any CPU
		{8175B0B4-5553-4121-8117-11295D7ADDBE}.Debug|Any CPU.ActiveCfg = Debug|Any CPU
		{8175B0B4-5553-4121-8117-11295D7ADDBE}.Debug|Any CPU.Build.0 = Debug|Any CPU
		{8175B0B4-5553-4121-8117-11295D7ADDBE}.Release|Any CPU.ActiveCfg = Release|Any CPU
		{8175B0B4-5553-4121-8117-11295D7ADDBE}.Release|Any CPU.Build.0 = Release|Any CPU
	EndGlobalSection
	GlobalSection(SolutionProperties) = preSolution
		HideSolutionNode = FALSE
	EndGlobalSection
	GlobalSection(ExtensibilityGlobals) = postSolution
		SolutionGuid = {0C7789A3-4BC4-43E8-85D8-1DDEC61A3E58}
	EndGlobalSection
EndGlobal
